
Microsoft Visual Studio Solution File, Format Version 12.00
# Visual Studio Version 16
VisualStudioVersion = 16.0.29926.136
MinimumVisualStudioVersion = 10.0.40219.1
Project("{FAE04EC0-301F-11D3-BF4B-00C04F79EFBC}") = "CsFromScratch2", "CsFromScratch2\CsFromScratch2.csproj", "{C846E3AA-49B2-43E5-ACF7-6963B83B4E49}"
EndProject
Global
	GlobalSection(SolutionConfigurationPlatforms) = preSolution
		Debug|Any CPU = Debug|Any CPU
		Release|Any CPU = Release|Any CPU
	EndGlobalSection
	GlobalSection(ProjectConfigurationPlatforms) = postSolution
		{C846E3AA-49B2-43E5-ACF7-6963B83B4E49}.Debug|Any CPU.ActiveCfg = Debug|Any CPU
		{C846E3AA-49B2-43E5-ACF7-6963B83B4E49}.Debug|Any CPU.Build.0 = Debug|Any CPU
		{C846E3AA-49B2-43E5-ACF7-6963B83B4E49}.Release|Any CPU.ActiveCfg = Release|Any CPU
		{C846E3AA-49B2-43E5-ACF7-6963B83B4E49}.Release|Any CPU.Build.0 = Release|Any CPU
	EndGlobalSection
	GlobalSection(SolutionProperties) = preSolution
		HideSolutionNode = FALSE
	EndGlobalSection
	GlobalSection(ExtensibilityGlobals) = postSolution
		SolutionGuid = {4B239330-1E5B-4C23-8DC0-4A7EA6C4F4DC}
	EndGlobalSection
EndGlobal
